
Microsoft Visual Studio Solution File, Format Version 12.00
# Visual Studio Version 17
VisualStudioVersion = 17.3.32804.467
MinimumVisualStudioVersion = 10.0.40219.1
Project("{FAE04EC0-301F-11D3-BF4B-00C04F79EFBC}") = "Test", "Test\Test.csproj", "{78F8295E-1169-4A94-996C-BF4E3EA8C5B1}"
EndProject
Global
	GlobalSection(SolutionConfigurationPlatforms) = preSolution
		Debug|Any CPU = Debug|Any CPU
		Release|Any CPU = Release|Any CPU
	EndGlobalSection
	GlobalSection(ProjectConfigurationPlatforms) = postSolution
		{78F8295E-1169-4A94-996C-BF4E3EA8C5B1}.Debug|Any CPU.ActiveCfg = Debug|Any CPU
		{78F8295E-1169-4A94-996C-BF4E3EA8C5B1}.Debug|Any CPU.Build.0 = Debug|Any CPU
		{78F8295E-1169-4A94-996C-BF4E3EA8C5B1}.Release|Any CPU.ActiveCfg = Release|Any CPU
		{78F8295E-1169-4A94-996C-BF4E3EA8C5B1}.Release|Any CPU.Build.0 = Release|Any CPU
	EndGlobalSection
	GlobalSection(SolutionProperties) = preSolution
		HideSolutionNode = FALSE
	EndGlobalSection
	GlobalSection(ExtensibilityGlobals) = postSolution
		SolutionGuid = {E2DC5949-3F5F-4A45-AEA9-8AB644A54DB6}
	EndGlobalSection
EndGlobal
